// !$*UTF8*$!
{
	archiveVersion = 1;
	classes = {
	};
	objectVersion = 77;
	objects = {

/* Begin PBXContainerItemProxy section */
		93EC6BB02DC28A550050F9D1 /* PBXContainerItemProxy */ = {
			isa = PBXContainerItemProxy;
			containerPortal = 93EC6B972DC28A530050F9D1 /* Project object */;
			proxyType = 1;
			remoteGlobalIDString = 93EC6B9E2DC28A530050F9D1;
			remoteInfo = reynardVincent_iOS;
		};
		93EC6BBA2DC28A550050F9D1 /* PBXContainerItemProxy */ = {
			isa = PBXContainerItemProxy;
			containerPortal = 93EC6B972DC28A530050F9D1 /* Project object */;
			proxyType = 1;
			remoteGlobalIDString = 93EC6B9E2DC28A530050F9D1;
			remoteInfo = reynardVincent_iOS;
		};
/* End PBXContainerItemProxy section */

/* Begin PBXFileReference section */
		93EC6B9F2DC28A530050F9D1 /* reynardVincent_iOS.app */ = {isa = PBXFileReference; explicitFileType = wrapper.application; includeInIndex = 0; path = reynardVincent_iOS.app; sourceTree = BUILT_PRODUCTS_DIR; };
		93EC6BAF2DC28A550050F9D1 /* reynardVincent_iOSTests.xctest */ = {isa = PBXFileReference; explicitFileType = wrapper.cfbundle; includeInIndex = 0; path = reynardVincent_iOSTests.xctest; sourceTree = BUILT_PRODUCTS_DIR; };
		93EC6BB92DC28A550050F9D1 /* reynardVincent_iOSUITests.xctest */ = {isa = PBXFileReference; explicitFileType = wrapper.cfbundle; includeInIndex = 0; path = reynardVincent_iOSUITests.xctest; sourceTree = BUILT_PRODUCTS_DIR; };
/* End PBXFileReference section */

/* Begin PBXFileSystemSynchronizedRootGroup section */
		93EC6BA12DC28A530050F9D1 /* reynardVincent_iOS */ = {
			isa = PBXFileSystemSynchronizedRootGroup;
			path = reynardVincent_iOS;
			sourceTree = "<group>";
		};
		93EC6BB22DC28A550050F9D1 /* reynardVincent_iOSTests */ = {
			isa = PBXFileSystemSynchronizedRootGroup;
			path = reynardVincent_iOSTests;
			sourceTree = "<group>";
		};
		93EC6BBC2DC28A550050F9D1 /* reynardVincent_iOSUITests */ = {
			isa = PBXFileSystemSynchronizedRootGroup;
			path = reynardVincent_iOSUITests;
			sourceTree = "<group>";
		};
/* End PBXFileSystemSynchronizedRootGroup section */

/* Begin PBXFrameworksBuildPhase section */
		93EC6B9C2DC28A530050F9D1 /* Frameworks */ = {
			isa = PBXFrameworksBuildPhase;
			buildActionMask = 2147483647;
			files = (
			);
			runOnlyForDeploymentPostprocessing = 0;
		};
		93EC6BAC2DC28A550050F9D1 /* Frameworks */ = {
			isa = PBXFrameworksBuildPhase;
			buildActionMask = 2147483647;
			files = (
			);
			runOnlyForDeploymentPostprocessing = 0;
		};
		93EC6BB62DC28A550050F9D1 /* Frameworks */ = {
			isa = PBXFrameworksBuildPhase;
			buildActionMask = 2147483647;
			files = (
			);
			runOnlyForDeploymentPostprocessing = 0;
		};
/* End PBXFrameworksBuildPhase section */

/* Begin PBXGroup section */
		93EC6B962DC28A530050F9D1 = {
			isa = PBXGroup;
			children = (
				93EC6BA12DC28A530050F9D1 /* reynardVincent_iOS */,
				93EC6BB22DC28A550050F9D1 /* reynardVincent_iOSTests */,
				93EC6BBC2DC28A550050F9D1 /* reynardVincent_iOSUITests */,
				93EC6BA02DC28A530050F9D1 /* Products */,
			);
			sourceTree = "<group>";
		};
		93EC6BA02DC28A530050F9D1 /* Products */ = {
			isa = PBXGroup;
			children = (
				93EC6B9F2DC28A530050F9D1 /* reynardVincent_iOS.app */,
				93EC6BAF2DC28A550050F9D1 /* reynardVincent_iOSTests.xctest */,
				93EC6BB92DC28A550050F9D1 /* reynardVincent_iOSUITests.xctest */,
			);
			name = Products;
			sourceTree = "<group>";
		};
/* End PBXGroup section */

/* Begin PBXNativeTarget section */
		93EC6B9E2DC28A530050F9D1 /* reynardVincent_iOS */ = {
			isa = PBXNativeTarget;
			buildConfigurationList = 93EC6BC32DC28A550050F9D1 /* Build configuration list for PBXNativeTarget "reynardVincent_iOS" */;
			buildPhases = (
				93EC6B9B2DC28A530050F9D1 /* Sources */,
				93EC6B9C2DC28A530050F9D1 /* Frameworks */,
				93EC6B9D2DC28A530050F9D1 /* Resources */,
			);
			buildRules = (
			);
			dependencies = (
			);
			fileSystemSynchronizedGroups = (
				93EC6BA12DC28A530050F9D1 /* reynardVincent_iOS */,
			);
			name = reynardVincent_iOS;
			packageProductDependencies = (
			);
			productName = reynardVincent_iOS;
			productReference = 93EC6B9F2DC28A530050F9D1 /* reynardVincent_iOS.app */;
			productType = "com.apple.product-type.application";
		};
		93EC6BAE2DC28A550050F9D1 /* reynardVincent_iOSTests */ = {
			isa = PBXNativeTarget;
			buildConfigurationList = 93EC6BC62DC28A550050F9D1 /* Build configuration list for PBXNativeTarget "reynardVincent_iOSTests" */;
			buildPhases = (
				93EC6BAB2DC28A550050F9D1 /* Sources */,
				93EC6BAC2DC28A550050F9D1 /* Frameworks */,
				93EC6BAD2DC28A550050F9D1 /* Resources */,
			);
			buildRules = (
			);
			dependencies = (
				93EC6BB12DC28A550050F9D1 /* PBXTargetDependency */,
			);
			fileSystemSynchronizedGroups = (
				93EC6BB22DC28A550050F9D1 /* reynardVincent_iOSTests */,
			);
			name = reynardVincent_iOSTests;
			packageProductDependencies = (
			);
			productName = reynardVincent_iOSTests;
			productReference = 93EC6BAF2DC28A550050F9D1 /* reynardVincent_iOSTests.xctest */;
			productType = "com.apple.product-type.bundle.unit-test";
		};
		93EC6BB82DC28A550050F9D1 /* reynardVincent_iOSUITests */ = {
			isa = PBXNativeTarget;
			buildConfigurationList = 93EC6BC92DC28A550050F9D1 /* Build configuration list for PBXNativeTarget "reynardVincent_iOSUITests" */;
			buildPhases = (
				93EC6BB52DC28A550050F9D1 /* Sources */,
				93EC6BB62DC28A550050F9D1 /* Frameworks */,
				93EC6BB72DC28A550050F9D1 /* Resources */,
			);
			buildRules = (
			);
			dependencies = (
				93EC6BBB2DC28A550050F9D1 /* PBXTargetDependency */,
			);
			fileSystemSynchronizedGroups = (
				93EC6BBC2DC28A550050F9D1 /* reynardVincent_iOSUITests */,
			);
			name = reynardVincent_iOSUITests;
			packageProductDependencies = (
			);
			productName = reynardVincent_iOSUITests;
			productReference = 93EC6BB92DC28A550050F9D1 /* reynardVincent_iOSUITests.xctest */;
			productType = "com.apple.product-type.bundle.ui-testing";
		};
/* End PBXNativeTarget section */

/* Begin PBXProject section */
		93EC6B972DC28A530050F9D1 /* Project object */ = {
			isa = PBXProject;
			attributes = {
				BuildIndependentTargetsInParallel = 1;
				LastSwiftUpdateCheck = 1620;
				LastUpgradeCheck = 1620;
				TargetAttributes = {
					93EC6B9E2DC28A530050F9D1 = {
						CreatedOnToolsVersion = 16.2;
					};
					93EC6BAE2DC28A550050F9D1 = {
						CreatedOnToolsVersion = 16.2;
						TestTargetID = 93EC6B9E2DC28A530050F9D1;
					};
					93EC6BB82DC28A550050F9D1 = {
						CreatedOnToolsVersion = 16.2;
						TestTargetID = 93EC6B9E2DC28A530050F9D1;
					};
				};
			};
			buildConfigurationList = 93EC6B9A2DC28A530050F9D1 /* Build configuration list for PBXProject "reynardVincent_iOS" */;
			developmentRegion = en;
			hasScannedForEncodings = 0;
			knownRegions = (
				en,
				Base,
			);
			mainGroup = 93EC6B962DC28A530050F9D1;
			minimizedProjectReferenceProxies = 1;
			preferredProjectObjectVersion = 77;
			productRefGroup = 93EC6BA02DC28A530050F9D1 /* Products */;
			projectDirPath = "";
			projectRoot = "";
			targets = (
				93EC6B9E2DC28A530050F9D1 /* reynardVincent_iOS */,
				93EC6BAE2DC28A550050F9D1 /* reynardVincent_iOSTests */,
				93EC6BB82DC28A550050F9D1 /* reynardVincent_iOSUITests */,
			);
		};
/* End PBXProject section */

/* Begin PBXResourcesBuildPhase section */
		93EC6B9D2DC28A530050F9D1 /* Resources */ = {
			isa = PBXResourcesBuildPhase;
			buildActionMask = 2147483647;
			files = (
			);
			runOnlyForDeploymentPostprocessing = 0;
		};
		93EC6BAD2DC28A550050F9D1 /* Resources */ = {
			isa = PBXResourcesBuildPhase;
			buildActionMask = 2147483647;
			files = (
			);
			runOnlyForDeploymentPostprocessing = 0;
		};
		93EC6BB72DC28A550050F9D1 /* Resources */ = {
			isa = PBXResourcesBuildPhase;
			buildActionMask = 2147483647;
			files = (
			);
			runOnlyForDeploymentPostprocessing = 0;
		};
/* End PBXResourcesBuildPhase section */

/* Begin PBXSourcesBuildPhase section */
		93EC6B9B2DC28A530050F9D1 /* Sources */ = {
			isa = PBXSourcesBuildPhase;
			buildActionMask = 2147483647;
			files = (
			);
			runOnlyForDeploymentPostprocessing = 0;
		};
		93EC6BAB2DC28A550050F9D1 /* Sources */ = {
			isa = PBXSourcesBuildPhase;
			buildActionMask = 2147483647;
			files = (
			);
			runOnlyForDeploymentPostprocessing = 0;
		};
		93EC6BB52DC28A550050F9D1 /* Sources */ = {
			isa = PBXSourcesBuildPhase;
			buildActionMask = 2147483647;
			files = (
			);
			runOnlyForDeploymentPostprocessing = 0;
		};
/* End PBXSourcesBuildPhase section */

/* Begin PBXTargetDependency section */
		93EC6BB12DC28A550050F9D1 /* PBXTargetDependency */ = {
			isa = PBXTargetDependency;
			target = 93EC6B9E2DC28A530050F9D1 /* reynardVincent_iOS */;
			targetProxy = 93EC6BB02DC28A550050F9D1 /* PBXContainerItemProxy */;
		};
		93EC6BBB2DC28A550050F9D1 /* PBXTargetDependency */ = {
			isa = PBXTargetDependency;
			target = 93EC6B9E2DC28A530050F9D1 /* reynardVincent_iOS */;
			targetProxy = 93EC6BBA2DC28A550050F9D1 /* PBXContainerItemProxy */;
		};
/* End PBXTargetDependency section */

/* Begin XCBuildConfiguration section */
		93EC6BC12DC28A550050F9D1 /* Debug */ = {
			isa = XCBuildConfiguration;
			buildSettings = {
				ALWAYS_SEARCH_USER_PATHS = NO;
				ASSETCATALOG_COMPILER_GENERATE_SWIFT_ASSET_SYMBOL_EXTENSIONS = YES;
				CLANG_ANALYZER_NONNULL = YES;
				CLANG_ANALYZER_NUMBER_OBJECT_CONVERSION = YES_AGGRESSIVE;
				CLANG_CXX_LANGUAGE_STANDARD = "gnu++20";
				CLANG_ENABLE_MODULES = YES;
				CLANG_ENABLE_OBJC_ARC = YES;
				CLANG_ENABLE_OBJC_WEAK = YES;
				CLANG_WARN_BLOCK_CAPTURE_AUTORELEASING = YES;
				CLANG_WARN_BOOL_CONVERSION = YES;
				CLANG_WARN_COMMA = YES;
				CLANG_WARN_CONSTANT_CONVERSION = YES;
				CLANG_WARN_DEPRECATED_OBJC_IMPLEMENTATIONS = YES;
				CLANG_WARN_DIRECT_OBJC_ISA_USAGE = YES_ERROR;
				CLANG_WARN_DOCUMENTATION_COMMENTS = YES;
				CLANG_WARN_EMPTY_BODY = YES;
				CLANG_WARN_ENUM_CONVERSION = YES;
				CLANG_WARN_INFINITE_RECURSION = YES;
				CLANG_WARN_INT_CONVERSION = YES;
				CLANG_WARN_NON_LITERAL_NULL_CONVERSION = YES;
				CLANG_WARN_OBJC_IMPLICIT_RETAIN_SELF = YES;
				CLANG_WARN_OBJC_LITERAL_CONVERSION = YES;
				CLANG_WARN_OBJC_ROOT_CLASS = YES_ERROR;
				CLANG_WARN_QUOTED_INCLUDE_IN_FRAMEWORK_HEADER = YES;
				CLANG_WARN_RANGE_LOOP_ANALYSIS = YES;
				CLANG_WARN_STRICT_PROTOTYPES = YES;
				CLANG_WARN_SUSPICIOUS_MOVE = YES;
				CLANG_WARN_UNGUARDED_AVAILABILITY = YES_AGGRESSIVE;
				CLANG_WARN_UNREACHABLE_CODE = YES;
				CLANG_WARN__DUPLICATE_METHOD_MATCH = YES;
				COPY_PHASE_STRIP = NO;
				DEBUG_INFORMATION_FORMAT = dwarf;
				ENABLE_STRICT_OBJC_MSGSEND = YES;
				ENABLE_TESTABILITY = YES;
				ENABLE_USER_SCRIPT_SANDBOXING = YES;
				GCC_C_LANGUAGE_STANDARD = gnu17;
				GCC_DYNAMIC_NO_PIC = NO;
				GCC_NO_COMMON_BLOCKS = YES;
				GCC_OPTIMIZATION_LEVEL = 0;
				GCC_PREPROCESSOR_DEFINITIONS = (
					"DEBUG=1",
					"$(inherited)",
				);
				GCC_WARN_64_TO_32_BIT_CONVERSION = YES;
				GCC_WARN_ABOUT_RETURN_TYPE = YES_ERROR;
				GCC_WARN_UNDECLARED_SELECTOR = YES;
				GCC_WARN_UNINITIALIZED_AUTOS = YES_AGGRESSIVE;
				GCC_WARN_UNUSED_FUNCTION = YES;
				GCC_WARN_UNUSED_VARIABLE = YES;
				IPHONEOS_DEPLOYMENT_TARGET = 18.2;
				LOCALIZATION_PREFERS_STRING_CATALOGS = YES;
				MTL_ENABLE_DEBUG_INFO = INCLUDE_SOURCE;
				MTL_FAST_MATH = YES;
				ONLY_ACTIVE_ARCH = YES;
				SDKROOT = iphoneos;
				SWIFT_ACTIVE_COMPILATION_CONDITIONS = "DEBUG $(inherited)";
				SWIFT_OPTIMIZATION_LEVEL = "-Onone";
			};
			name = Debug;
		};
		93EC6BC22DC28A550050F9D1 /* Release */ = {
			isa = XCBuildConfiguration;
			buildSettings = {
				ALWAYS_SEARCH_USER_PATHS = NO;
				ASSETCATALOG_COMPILER_GENERATE_SWIFT_ASSET_SYMBOL_EXTENSIONS = YES;
				CLANG_ANALYZER_NONNULL = YES;
				CLANG_ANALYZER_NUMBER_OBJECT_CONVERSION = YES_AGGRESSIVE;
				CLANG_CXX_LANGUAGE_STANDARD = "gnu++20";
				CLANG_ENABLE_MODULES = YES;
				CLANG_ENABLE_OBJC_ARC = YES;
				CLANG_ENABLE_OBJC_WEAK = YES;
				CLANG_WARN_BLOCK_CAPTURE_AUTORELEASING = YES;
				CLANG_WARN_BOOL_CONVERSION = YES;
				CLANG_WARN_COMMA = YES;
				CLANG_WARN_CONSTANT_CONVERSION = YES;
				CLANG_WARN_DEPRECATED_OBJC_IMPLEMENTATIONS = YES;
				CLANG_WARN_DIRECT_OBJC_ISA_USAGE = YES_ERROR;
				CLANG_WARN_DOCUMENTATION_COMMENTS = YES;
				CLANG_WARN_EMPTY_BODY = YES;
				CLANG_WARN_ENUM_CONVERSION = YES;
				CLANG_WARN_INFINITE_RECURSION = YES;
				CLANG_WARN_INT_CONVERSION = YES;
				CLANG_WARN_NON_LITERAL_NULL_CONVERSION = YES;
				CLANG_WARN_OBJC_IMPLICIT_RETAIN_SELF = YES;
				CLANG_WARN_OBJC_LITERAL_CONVERSION = YES;
				CLANG_WARN_OBJC_ROOT_CLASS = YES_ERROR;
				CLANG_WARN_QUOTED_INCLUDE_IN_FRAMEWORK_HEADER = YES;
				CLANG_WARN_RANGE_LOOP_ANALYSIS = YES;
				CLANG_WARN_STRICT_PROTOTYPES = YES;
				CLANG_WARN_SUSPICIOUS_MOVE = YES;
				CLANG_WARN_UNGUARDED_AVAILABILITY = YES_AGGRESSIVE;
				CLANG_WARN_UNREACHABLE_CODE = YES;
				CLANG_WARN__DUPLICATE_METHOD_MATCH = YES;
				COPY_PHASE_STRIP = NO;
				DEBUG_INFORMATION_FORMAT = "dwarf-with-dsym";
				ENABLE_NS_ASSERTIONS = NO;
				ENABLE_STRICT_OBJC_MSGSEND = YES;
				ENABLE_USER_SCRIPT_SANDBOXING = YES;
				GCC_C_LANGUAGE_STANDARD = gnu17;
				GCC_NO_COMMON_BLOCKS = YES;
				GCC_WARN_64_TO_32_BIT_CONVERSION = YES;
				GCC_WARN_ABOUT_RETURN_TYPE = YES_ERROR;
				GCC_WARN_UNDECLARED_SELECTOR = YES;
				GCC_WARN_UNINITIALIZED_AUTOS = YES_AGGRESSIVE;
				GCC_WARN_UNUSED_FUNCTION = YES;
				GCC_WARN_UNUSED_VARIABLE = YES;
				IPHONEOS_DEPLOYMENT_TARGET = 18.2;
				LOCALIZATION_PREFERS_STRING_CATALOGS = YES;
				MTL_ENABLE_DEBUG_INFO = NO;
				MTL_FAST_MATH = YES;
				SDKROOT = iphoneos;
				SWIFT_COMPILATION_MODE = wholemodule;
				VALIDATE_PRODUCT = YES;
			};
			name = Release;
		};
		93EC6BC42DC28A550050F9D1 /* Debug */ = {
			isa = XCBuildConfiguration;
			buildSettings = {
				ASSETCATALOG_COMPILER_APPICON_NAME = AppIcon;
				ASSETCATALOG_COMPILER_GLOBAL_ACCENT_COLOR_NAME = AccentColor;
				CODE_SIGN_ENTITLEMENTS = reynardVincent_iOS/reynardVincent_iOS.entitlements;
				CODE_SIGN_STYLE = Automatic;
				CURRENT_PROJECT_VERSION = 1;
				DEVELOPMENT_ASSET_PATHS = "\"reynardVincent_iOS/Resources/Preview Content\"";
				ENABLE_PREVIEWS = YES;
				GENERATE_INFOPLIST_FILE = YES;
				INFOPLIST_KEY_LSApplicationCategoryType = "public.app-category.healthcare-fitness";
				INFOPLIST_KEY_UIApplicationSceneManifest_Generation = YES;
				INFOPLIST_KEY_UIApplicationSupportsIndirectInputEvents = YES;
				INFOPLIST_KEY_UILaunchScreen_Generation = YES;
				INFOPLIST_KEY_UISupportedInterfaceOrientations = UIInterfaceOrientationPortrait;
				IPHONEOS_DEPLOYMENT_TARGET = 15.6;
				LD_RUNPATH_SEARCH_PATHS = (
					"$(inherited)",
					"@executable_path/Frameworks",
				);
				MARKETING_VERSION = 1.0;
				PRODUCT_BUNDLE_IDENTIFIER = "reynardvn8.reynardVincent-iOS";
				PRODUCT_NAME = "$(TARGET_NAME)";
				SWIFT_EMIT_LOC_STRINGS = YES;
				SWIFT_VERSION = 5.0;
				TARGETED_DEVICE_FAMILY = "1,2";
			};
			name = Debug;
		};
		93EC6BC52DC28A550050F9D1 /* Release */ = {
			isa = XCBuildConfiguration;
			buildSettings = {
				ASSETCATALOG_COMPILER_APPICON_NAME = AppIcon;
				ASSETCATALOG_COMPILER_GLOBAL_ACCENT_COLOR_NAME = AccentColor;
				CODE_SIGN_ENTITLEMENTS = reynardVincent_iOS/reynardVincent_iOS.entitlements;
				CODE_SIGN_STYLE = Automatic;
				CURRENT_PROJECT_VERSION = 1;
				DEVELOPMENT_ASSET_PATHS = "\"reynardVincent_iOS/Resources/Preview Content\"";
				ENABLE_PREVIEWS = YES;
				GENERATE_INFOPLIST_FILE = YES;
				INFOPLIST_KEY_LSApplicationCategoryType = "public.app-category.healthcare-fitness";
				INFOPLIST_KEY_UIApplicationSceneManifest_Generation = YES;
				INFOPLIST_KEY_UIApplicationSupportsIndirectInputEvents = YES;
				INFOPLIST_KEY_UILaunchScreen_Generation = YES;
				INFOPLIST_KEY_UISupportedInterfaceOrientations = UIInterfaceOrientationPortrait;
				IPHONEOS_DEPLOYMENT_TARGET = 15.6;
				LD_RUNPATH_SEARCH_PATHS = (
					"$(inherited)",
					"@executable_path/Frameworks",
				);
				MARKETING_VERSION = 1.0;
				PRODUCT_BUNDLE_IDENTIFIER = "reynardvn8.reynardVincent-iOS";
				PRODUCT_NAME = "$(TARGET_NAME)";
				SWIFT_EMIT_LOC_STRINGS = YES;
				SWIFT_VERSION = 5.0;
				TARGETED_DEVICE_FAMILY = "1,2";
			};
			name = Release;
		};
		93EC6BC72DC28A550050F9D1 /* Debug */ = {
			isa = XCBuildConfiguration;
			buildSettings = {
				BUNDLE_LOADER = "$(TEST_HOST)";
				CODE_SIGN_STYLE = Automatic;
				CURRENT_PROJECT_VERSION = 1;
				GENERATE_INFOPLIST_FILE = YES;
				IPHONEOS_DEPLOYMENT_TARGET = 18.2;
				MARKETING_VERSION = 1.0;
				PRODUCT_BUNDLE_IDENTIFIER = "reynardvn8.reynardVincent-iOSTests";
				PRODUCT_NAME = "$(TARGET_NAME)";
				SWIFT_EMIT_LOC_STRINGS = NO;
				SWIFT_VERSION = 5.0;
				TARGETED_DEVICE_FAMILY = "1,2";
				TEST_HOST = "$(BUILT_PRODUCTS_DIR)/reynardVincent_iOS.app/$(BUNDLE_EXECUTABLE_FOLDER_PATH)/reynardVincent_iOS";
			};
			name = Debug;
		};
		93EC6BC82DC28A550050F9D1 /* Release */ = {
			isa = XCBuildConfiguration;
			buildSettings = {
				BUNDLE_LOADER = "$(TEST_HOST)";
				CODE_SIGN_STYLE = Automatic;
				CURRENT_PROJECT_VERSION = 1;
				GENERATE_INFOPLIST_FILE = YES;
				IPHONEOS_DEPLOYMENT_TARGET = 18.2;
				MARKETING_VERSION = 1.0;
				PRODUCT_BUNDLE_IDENTIFIER = "reynardvn8.reynardVincent-iOSTests";
				PRODUCT_NAME = "$(TARGET_NAME)";
				SWIFT_EMIT_LOC_STRINGS = NO;
				SWIFT_VERSION = 5.0;
				TARGETED_DEVICE_FAMILY = "1,2";
				TEST_HOST = "$(BUILT_PRODUCTS_DIR)/reynardVincent_iOS.app/$(BUNDLE_EXECUTABLE_FOLDER_PATH)/reynardVincent_iOS";
			};
			name = Release;
		};
		93EC6BCA2DC28A550050F9D1 /* Debug */ = {
			isa = XCBuildConfiguration;
			buildSettings = {
				CODE_SIGN_STYLE = Automatic;
				CURRENT_PROJECT_VERSION = 1;
				GENERATE_INFOPLIST_FILE = YES;
				MARKETING_VERSION = 1.0;
				PRODUCT_BUNDLE_IDENTIFIER = "reynardvn8.reynardVincent-iOSUITests";
				PRODUCT_NAME = "$(TARGET_NAME)";
				SWIFT_EMIT_LOC_STRINGS = NO;
				SWIFT_VERSION = 5.0;
				TARGETED_DEVICE_FAMILY = "1,2";
				TEST_TARGET_NAME = reynardVincent_iOS;
			};
			name = Debug;
		};
		93EC6BCB2DC28A550050F9D1 /* Release */ = {
			isa = XCBuildConfiguration;
			buildSettings = {
				CODE_SIGN_STYLE = Automatic;
				CURRENT_PROJECT_VERSION = 1;
				GENERATE_INFOPLIST_FILE = YES;
				MARKETING_VERSION = 1.0;
				PRODUCT_BUNDLE_IDENTIFIER = "reynardvn8.reynardVincent-iOSUITests";
				PRODUCT_NAME = "$(TARGET_NAME)";
				SWIFT_EMIT_LOC_STRINGS = NO;
				SWIFT_VERSION = 5.0;
				TARGETED_DEVICE_FAMILY = "1,2";
				TEST_TARGET_NAME = reynardVincent_iOS;
			};
			name = Release;
		};
/* End XCBuildConfiguration section */

/* Begin XCConfigurationList section */
		93EC6B9A2DC28A530050F9D1 /* Build configuration list for PBXProject "reynardVincent_iOS" */ = {
			isa = XCConfigurationList;
			buildConfigurations = (
				93EC6BC12DC28A550050F9D1 /* Debug */,
				93EC6BC22DC28A550050F9D1 /* Release */,
			);
			defaultConfigurationIsVisible = 0;
			defaultConfigurationName = Release;
		};
		93EC6BC32DC28A550050F9D1 /* Build configuration list for PBXNativeTarget "reynardVincent_iOS" */ = {
			isa = XCConfigurationList;
			buildConfigurations = (
				93EC6BC42DC28A550050F9D1 /* Debug */,
				93EC6BC52DC28A550050F9D1 /* Release */,
			);
			defaultConfigurationIsVisible = 0;
			defaultConfigurationName = Release;
		};
		93EC6BC62DC28A550050F9D1 /* Build configuration list for PBXNativeTarget "reynardVincent_iOSTests" */ = {
			isa = XCConfigurationList;
			buildConfigurations = (
				93EC6BC72DC28A550050F9D1 /* Debug */,
				93EC6BC82DC28A550050F9D1 /* Release */,
			);
			defaultConfigurationIsVisible = 0;
			defaultConfigurationName = Release;
		};
		93EC6BC92DC28A550050F9D1 /* Build configuration list for PBXNativeTarget "reynardVincent_iOSUITests" */ = {
			isa = XCConfigurationList;
			buildConfigurations = (
				93EC6BCA2DC28A550050F9D1 /* Debug */,
				93EC6BCB2DC28A550050F9D1 /* Release */,
			);
			defaultConfigurationIsVisible = 0;
			defaultConfigurationName = Release;
		};
/* End XCConfigurationList section */
	};
	rootObject = 93EC6B972DC28A530050F9D1 /* Project object */;
}
